
Microsoft Visual Studio Solution File, Format Version 12.00
# Visual Studio 2012
Project("{FAE04EC0-301F-11D3-BF4B-00C04F79EFBC}") = "MindBodyAPI", "MindBodyAPI\MindBodyAPI.csproj", "{5F905ACE-FCF7-4D75-BD8F-42147BACA60D}"
EndProject
Project("{FAE04EC0-301F-11D3-BF4B-00C04F79EFBC}") = "MindBodyAPITests", "MindBodyAPITests\MindBodyAPITests.csproj", "{9546401D-CEA6-41D1-83F4-DDC02757F9AC}"
	ProjectSection(ProjectDependencies) = postProject
		{5F905ACE-FCF7-4D75-BD8F-42147BACA60D} = {5F905ACE-FCF7-4D75-BD8F-42147BACA60D}
	EndProjectSection
EndProject
Project("{FAE04EC0-301F-11D3-BF4B-00C04F79EFBC}") = "OAuthAPI", "OAuthAPI\OAuthAPI.csproj", "{26C4D1FF-28D3-4048-9737-6CE545F90493}"
EndProject
Project("{FAE04EC0-301F-11D3-BF4B-00C04F79EFBC}") = "OAuthAPITests", "OAuthAPITests\OAuthAPITests.csproj", "{4F4846B9-9B49-462B-BBFD-DC75CC141CB5}"
EndProject
Global
	GlobalSection(SolutionConfigurationPlatforms) = preSolution
		Debug|Any CPU = Debug|Any CPU
		Release|Any CPU = Release|Any CPU
	EndGlobalSection
	GlobalSection(ProjectConfigurationPlatforms) = postSolution
		{5F905ACE-FCF7-4D75-BD8F-42147BACA60D}.Debug|Any CPU.ActiveCfg = Debug|Any CPU
		{5F905ACE-FCF7-4D75-BD8F-42147BACA60D}.Debug|Any CPU.Build.0 = Debug|Any CPU
		{5F905ACE-FCF7-4D75-BD8F-42147BACA60D}.Release|Any CPU.ActiveCfg = Release|Any CPU
		{5F905ACE-FCF7-4D75-BD8F-42147BACA60D}.Release|Any CPU.Build.0 = Release|Any CPU
		{9546401D-CEA6-41D1-83F4-DDC02757F9AC}.Debug|Any CPU.ActiveCfg = Debug|Any CPU
		{9546401D-CEA6-41D1-83F4-DDC02757F9AC}.Debug|Any CPU.Build.0 = Debug|Any CPU
		{9546401D-CEA6-41D1-83F4-DDC02757F9AC}.Release|Any CPU.ActiveCfg = Release|Any CPU
		{9546401D-CEA6-41D1-83F4-DDC02757F9AC}.Release|Any CPU.Build.0 = Release|Any CPU
		{26C4D1FF-28D3-4048-9737-6CE545F90493}.Debug|Any CPU.ActiveCfg = Debug|Any CPU
		{26C4D1FF-28D3-4048-9737-6CE545F90493}.Debug|Any CPU.Build.0 = Debug|Any CPU
		{26C4D1FF-28D3-4048-9737-6CE545F90493}.Release|Any CPU.ActiveCfg = Release|Any CPU
		{26C4D1FF-28D3-4048-9737-6CE545F90493}.Release|Any CPU.Build.0 = Release|Any CPU
		{4F4846B9-9B49-462B-BBFD-DC75CC141CB5}.Debug|Any CPU.ActiveCfg = Debug|Any CPU
		{4F4846B9-9B49-462B-BBFD-DC75CC141CB5}.Debug|Any CPU.Build.0 = Debug|Any CPU
		{4F4846B9-9B49-462B-BBFD-DC75CC141CB5}.Release|Any CPU.ActiveCfg = Release|Any CPU
		{4F4846B9-9B49-462B-BBFD-DC75CC141CB5}.Release|Any CPU.Build.0 = Release|Any CPU
	EndGlobalSection
	GlobalSection(SolutionProperties) = preSolution
		HideSolutionNode = FALSE
	EndGlobalSection
EndGlobal
